
Microsoft Visual Studio Solution File, Format Version 12.00
# Visual Studio Version 17
VisualStudioVersion = 17.5.33502.453
MinimumVisualStudioVersion = 10.0.40219.1
Project("{FAE04EC0-301F-11D3-BF4B-00C04F79EFBC}") = "Project C# User Form with List", "Project C# User Form with List.csproj", "{64BD656D-55E5-40D5-832B-13EB6BF73333}"
EndProject
Global
	GlobalSection(SolutionConfigurationPlatforms) = preSolution
		Debug|Any CPU = Debug|Any CPU
		Release|Any CPU = Release|Any CPU
	EndGlobalSection
	GlobalSection(ProjectConfigurationPlatforms) = postSolution
		{64BD656D-55E5-40D5-832B-13EB6BF73333}.Debug|Any CPU.ActiveCfg = Debug|Any CPU
		{64BD656D-55E5-40D5-832B-13EB6BF73333}.Debug|Any CPU.Build.0 = Debug|Any CPU
		{64BD656D-55E5-40D5-832B-13EB6BF73333}.Release|Any CPU.ActiveCfg = Release|Any CPU
		{64BD656D-55E5-40D5-832B-13EB6BF73333}.Release|Any CPU.Build.0 = Release|Any CPU
	EndGlobalSection
	GlobalSection(SolutionProperties) = preSolution
		HideSolutionNode = FALSE
	EndGlobalSection
	GlobalSection(ExtensibilityGlobals) = postSolution
		SolutionGuid = {C4970029-BED7-4C3B-8F35-E73B7DE42A59}
	EndGlobalSection
EndGlobal
